
Microsoft Visual Studio Solution File, Format Version 12.00
# Visual Studio Version 16
VisualStudioVersion = 16.0.30320.27
MinimumVisualStudioVersion = 10.0.40219.1
Project("{FAE04EC0-301F-11D3-BF4B-00C04F79EFBC}") = "FunctionAppCICD", "FunctionAppCICD.csproj", "{FD1FF792-F6BF-4375-957E-2E2ED8C8076C}"
EndProject
Global
	GlobalSection(SolutionConfigurationPlatforms) = preSolution
		Debug|Any CPU = Debug|Any CPU
		Release|Any CPU = Release|Any CPU
	EndGlobalSection
	GlobalSection(ProjectConfigurationPlatforms) = postSolution
		{FD1FF792-F6BF-4375-957E-2E2ED8C8076C}.Debug|Any CPU.ActiveCfg = Debug|Any CPU
		{FD1FF792-F6BF-4375-957E-2E2ED8C8076C}.Debug|Any CPU.Build.0 = Debug|Any CPU
		{FD1FF792-F6BF-4375-957E-2E2ED8C8076C}.Release|Any CPU.ActiveCfg = Release|Any CPU
		{FD1FF792-F6BF-4375-957E-2E2ED8C8076C}.Release|Any CPU.Build.0 = Release|Any CPU
	EndGlobalSection
	GlobalSection(SolutionProperties) = preSolution
		HideSolutionNode = FALSE
	EndGlobalSection
	GlobalSection(ExtensibilityGlobals) = postSolution
		SolutionGuid = {D1B341C0-A8A8-40CA-9D73-DE1D275E0D7B}
	EndGlobalSection
EndGlobal
